// !$*UTF8*$!
{
	archiveVersion = 1;
	classes = {
	};
	objectVersion = 56;
	objects = {

/* Begin PBXBuildFile section */
		FF72F08B2A15C659004EDDB0 /* MugongganApp.swift in Sources */ = {isa = PBXBuildFile; fileRef = FF72F08A2A15C659004EDDB0 /* MugongganApp.swift */; };
		FF72F08D2A15C659004EDDB0 /* ContentView.swift in Sources */ = {isa = PBXBuildFile; fileRef = FF72F08C2A15C659004EDDB0 /* ContentView.swift */; };
		FF72F08F2A15C65A004EDDB0 /* Assets.xcassets in Resources */ = {isa = PBXBuildFile; fileRef = FF72F08E2A15C65A004EDDB0 /* Assets.xcassets */; };
		FF72F0922A15C65A004EDDB0 /* Preview Assets.xcassets in Resources */ = {isa = PBXBuildFile; fileRef = FF72F0912A15C65A004EDDB0 /* Preview Assets.xcassets */; };
		FF72F0942A15C65A004EDDB0 /* Persistence.swift in Sources */ = {isa = PBXBuildFile; fileRef = FF72F0932A15C65A004EDDB0 /* Persistence.swift */; };
		FF72F0972A15C65A004EDDB0 /* Mugonggan.xcdatamodeld in Sources */ = {isa = PBXBuildFile; fileRef = FF72F0952A15C65A004EDDB0 /* Mugonggan.xcdatamodeld */; };
		FF72F09F2A15F770004EDDB0 /* SignUpView.swift in Sources */ = {isa = PBXBuildFile; fileRef = FF72F09E2A15F770004EDDB0 /* SignUpView.swift */; };
		FF72F0A12A160B5C004EDDB0 /* LoginView.swift in Sources */ = {isa = PBXBuildFile; fileRef = FF72F0A02A160B5C004EDDB0 /* LoginView.swift */; };
		FF72F0A62A16670A004EDDB0 /* GoogleService-Info.plist in Resources */ = {isa = PBXBuildFile; fileRef = FF72F0A52A16670A004EDDB0 /* GoogleService-Info.plist */; };
		FF72F1152A1670B8004EDDB0 /* FirebaseAnalytics in Frameworks */ = {isa = PBXBuildFile; productRef = FF72F1142A1670B8004EDDB0 /* FirebaseAnalytics */; };
		FF72F1172A1670B8004EDDB0 /* FirebaseAuth in Frameworks */ = {isa = PBXBuildFile; productRef = FF72F1162A1670B8004EDDB0 /* FirebaseAuth */; };
		FF72F1192A1670B8004EDDB0 /* FirebaseDatabase in Frameworks */ = {isa = PBXBuildFile; productRef = FF72F1182A1670B8004EDDB0 /* FirebaseDatabase */; };
		FF72F11B2A1670B8004EDDB0 /* FirebaseDatabaseSwift in Frameworks */ = {isa = PBXBuildFile; productRef = FF72F11A2A1670B8004EDDB0 /* FirebaseDatabaseSwift */; };
		FF72F11D2A1670B8004EDDB0 /* FirebaseFirestore in Frameworks */ = {isa = PBXBuildFile; productRef = FF72F11C2A1670B8004EDDB0 /* FirebaseFirestore */; };
		FF72F11F2A1670B8004EDDB0 /* FirebaseFirestoreSwift in Frameworks */ = {isa = PBXBuildFile; productRef = FF72F11E2A1670B8004EDDB0 /* FirebaseFirestoreSwift */; };
		FF72F1212A1670B8004EDDB0 /* FirebaseMessaging in Frameworks */ = {isa = PBXBuildFile; productRef = FF72F1202A1670B8004EDDB0 /* FirebaseMessaging */; };
		FF72F1232A1670B8004EDDB0 /* FirebaseStorage in Frameworks */ = {isa = PBXBuildFile; productRef = FF72F1222A1670B8004EDDB0 /* FirebaseStorage */; };
/* End PBXBuildFile section */

/* Begin PBXFileReference section */
		FF72F0872A15C659004EDDB0 /* Mugonggan.app */ = {isa = PBXFileReference; explicitFileType = wrapper.application; includeInIndex = 0; path = Mugonggan.app; sourceTree = BUILT_PRODUCTS_DIR; };
		FF72F08A2A15C659004EDDB0 /* MugongganApp.swift */ = {isa = PBXFileReference; lastKnownFileType = sourcecode.swift; path = MugongganApp.swift; sourceTree = "<group>"; };
		FF72F08C2A15C659004EDDB0 /* ContentView.swift */ = {isa = PBXFileReference; lastKnownFileType = sourcecode.swift; path = ContentView.swift; sourceTree = "<group>"; };
		FF72F08E2A15C65A004EDDB0 /* Assets.xcassets */ = {isa = PBXFileReference; lastKnownFileType = folder.assetcatalog; path = Assets.xcassets; sourceTree = "<group>"; };
		FF72F0912A15C65A004EDDB0 /* Preview Assets.xcassets */ = {isa = PBXFileReference; lastKnownFileType = folder.assetcatalog; path = "Preview Assets.xcassets"; sourceTree = "<group>"; };
		FF72F0932A15C65A004EDDB0 /* Persistence.swift */ = {isa = PBXFileReference; lastKnownFileType = sourcecode.swift; path = Persistence.swift; sourceTree = "<group>"; };
		FF72F0962A15C65A004EDDB0 /* Mugonggan.xcdatamodel */ = {isa = PBXFileReference; lastKnownFileType = wrapper.xcdatamodel; path = Mugonggan.xcdatamodel; sourceTree = "<group>"; };
		FF72F09E2A15F770004EDDB0 /* SignUpView.swift */ = {isa = PBXFileReference; lastKnownFileType = sourcecode.swift; path = SignUpView.swift; sourceTree = "<group>"; };
		FF72F0A02A160B5C004EDDB0 /* LoginView.swift */ = {isa = PBXFileReference; lastKnownFileType = sourcecode.swift; path = LoginView.swift; sourceTree = "<group>"; };
		FF72F0A52A16670A004EDDB0 /* GoogleService-Info.plist */ = {isa = PBXFileReference; fileEncoding = 4; lastKnownFileType = text.plist.xml; name = "GoogleService-Info.plist"; path = "../../../../../Downloads/GoogleService-Info.plist"; sourceTree = "<group>"; };
/* End PBXFileReference section */

/* Begin PBXFrameworksBuildPhase section */
		FF72F0842A15C659004EDDB0 /* Frameworks */ = {
			isa = PBXFrameworksBuildPhase;
			buildActionMask = 2147483647;
			files = (
				FF72F11B2A1670B8004EDDB0 /* FirebaseDatabaseSwift in Frameworks */,
				FF72F1192A1670B8004EDDB0 /* FirebaseDatabase in Frameworks */,
				FF72F1212A1670B8004EDDB0 /* FirebaseMessaging in Frameworks */,
				FF72F1152A1670B8004EDDB0 /* FirebaseAnalytics in Frameworks */,
				FF72F11D2A1670B8004EDDB0 /* FirebaseFirestore in Frameworks */,
				FF72F1232A1670B8004EDDB0 /* FirebaseStorage in Frameworks */,
				FF72F1172A1670B8004EDDB0 /* FirebaseAuth in Frameworks */,
				FF72F11F2A1670B8004EDDB0 /* FirebaseFirestoreSwift in Frameworks */,
			);
			runOnlyForDeploymentPostprocessing = 0;
		};
/* End PBXFrameworksBuildPhase section */

/* Begin PBXGroup section */
		FF72F07E2A15C659004EDDB0 = {
			isa = PBXGroup;
			children = (
				FF72F0892A15C659004EDDB0 /* Mugonggan */,
				FF72F0882A15C659004EDDB0 /* Products */,
			);
			sourceTree = "<group>";
		};
		FF72F0882A15C659004EDDB0 /* Products */ = {
			isa = PBXGroup;
			children = (
				FF72F0872A15C659004EDDB0 /* Mugonggan.app */,
			);
			name = Products;
			sourceTree = "<group>";
		};
		FF72F0892A15C659004EDDB0 /* Mugonggan */ = {
			isa = PBXGroup;
			children = (
				FF72F0A52A16670A004EDDB0 /* GoogleService-Info.plist */,
				FF72F09D2A15F6FB004EDDB0 /* View */,
				FF72F08A2A15C659004EDDB0 /* MugongganApp.swift */,
				FF72F08C2A15C659004EDDB0 /* ContentView.swift */,
				FF72F08E2A15C65A004EDDB0 /* Assets.xcassets */,
				FF72F0932A15C65A004EDDB0 /* Persistence.swift */,
				FF72F0952A15C65A004EDDB0 /* Mugonggan.xcdatamodeld */,
				FF72F0902A15C65A004EDDB0 /* Preview Content */,
			);
			path = Mugonggan;
			sourceTree = "<group>";
		};
		FF72F0902A15C65A004EDDB0 /* Preview Content */ = {
			isa = PBXGroup;
			children = (
				FF72F0912A15C65A004EDDB0 /* Preview Assets.xcassets */,
			);
			path = "Preview Content";
			sourceTree = "<group>";
		};
		FF72F09D2A15F6FB004EDDB0 /* View */ = {
			isa = PBXGroup;
			children = (
				FF72F09E2A15F770004EDDB0 /* SignUpView.swift */,
				FF72F0A02A160B5C004EDDB0 /* LoginView.swift */,
			);
			path = View;
			sourceTree = "<group>";
		};
/* End PBXGroup section */

/* Begin PBXNativeTarget section */
		FF72F0862A15C659004EDDB0 /* Mugonggan */ = {
			isa = PBXNativeTarget;
			buildConfigurationList = FF72F09A2A15C65A004EDDB0 /* Build configuration list for PBXNativeTarget "Mugonggan" */;
			buildPhases = (
				FF72F0832A15C659004EDDB0 /* Sources */,
				FF72F0842A15C659004EDDB0 /* Frameworks */,
				FF72F0852A15C659004EDDB0 /* Resources */,
			);
			buildRules = (
			);
			dependencies = (
			);
			name = Mugonggan;
			packageProductDependencies = (
				FF72F1142A1670B8004EDDB0 /* FirebaseAnalytics */,
				FF72F1162A1670B8004EDDB0 /* FirebaseAuth */,
				FF72F1182A1670B8004EDDB0 /* FirebaseDatabase */,
				FF72F11A2A1670B8004EDDB0 /* FirebaseDatabaseSwift */,
				FF72F11C2A1670B8004EDDB0 /* FirebaseFirestore */,
				FF72F11E2A1670B8004EDDB0 /* FirebaseFirestoreSwift */,
				FF72F1202A1670B8004EDDB0 /* FirebaseMessaging */,
				FF72F1222A1670B8004EDDB0 /* FirebaseStorage */,
			);
			productName = Mugonggan;
			productReference = FF72F0872A15C659004EDDB0 /* Mugonggan.app */;
			productType = "com.apple.product-type.application";
		};
/* End PBXNativeTarget section */

/* Begin PBXProject section */
		FF72F07F2A15C659004EDDB0 /* Project object */ = {
			isa = PBXProject;
			attributes = {
				BuildIndependentTargetsInParallel = 1;
				LastSwiftUpdateCheck = 1420;
				LastUpgradeCheck = 1420;
				TargetAttributes = {
					FF72F0862A15C659004EDDB0 = {
						CreatedOnToolsVersion = 14.2;
					};
				};
			};
			buildConfigurationList = FF72F0822A15C659004EDDB0 /* Build configuration list for PBXProject "Mugonggan" */;
			compatibilityVersion = "Xcode 14.0";
			developmentRegion = en;
			hasScannedForEncodings = 0;
			knownRegions = (
				en,
				Base,
			);
			mainGroup = FF72F07E2A15C659004EDDB0;
			packageReferences = (
				FF72F1132A1670B8004EDDB0 /* XCRemoteSwiftPackageReference "firebase-ios-sdk" */,
			);
			productRefGroup = FF72F0882A15C659004EDDB0 /* Products */;
			projectDirPath = "";
			projectRoot = "";
			targets = (
				FF72F0862A15C659004EDDB0 /* Mugonggan */,
			);
		};
/* End PBXProject section */

/* Begin PBXResourcesBuildPhase section */
		FF72F0852A15C659004EDDB0 /* Resources */ = {
			isa = PBXResourcesBuildPhase;
			buildActionMask = 2147483647;
			files = (
				FF72F0922A15C65A004EDDB0 /* Preview Assets.xcassets in Resources */,
				FF72F08F2A15C65A004EDDB0 /* Assets.xcassets in Resources */,
				FF72F0A62A16670A004EDDB0 /* GoogleService-Info.plist in Resources */,
			);
			runOnlyForDeploymentPostprocessing = 0;
		};
/* End PBXResourcesBuildPhase section */

/* Begin PBXSourcesBuildPhase section */
		FF72F0832A15C659004EDDB0 /* Sources */ = {
			isa = PBXSourcesBuildPhase;
			buildActionMask = 2147483647;
			files = (
				FF72F0A12A160B5C004EDDB0 /* LoginView.swift in Sources */,
				FF72F0942A15C65A004EDDB0 /* Persistence.swift in Sources */,
				FF72F0972A15C65A004EDDB0 /* Mugonggan.xcdatamodeld in Sources */,
				FF72F09F2A15F770004EDDB0 /* SignUpView.swift in Sources */,
				FF72F08D2A15C659004EDDB0 /* ContentView.swift in Sources */,
				FF72F08B2A15C659004EDDB0 /* MugongganApp.swift in Sources */,
			);
			runOnlyForDeploymentPostprocessing = 0;
		};
/* End PBXSourcesBuildPhase section */

/* Begin XCBuildConfiguration section */
		FF72F0982A15C65A004EDDB0 /* Debug */ = {
			isa = XCBuildConfiguration;
			buildSettings = {
				ALWAYS_SEARCH_USER_PATHS = NO;
				CLANG_ANALYZER_NONNULL = YES;
				CLANG_ANALYZER_NUMBER_OBJECT_CONVERSION = YES_AGGRESSIVE;
				CLANG_CXX_LANGUAGE_STANDARD = "gnu++20";
				CLANG_ENABLE_MODULES = YES;
				CLANG_ENABLE_OBJC_ARC = YES;
				CLANG_ENABLE_OBJC_WEAK = YES;
				CLANG_WARN_BLOCK_CAPTURE_AUTORELEASING = YES;
				CLANG_WARN_BOOL_CONVERSION = YES;
				CLANG_WARN_COMMA = YES;
				CLANG_WARN_CONSTANT_CONVERSION = YES;
				CLANG_WARN_DEPRECATED_OBJC_IMPLEMENTATIONS = YES;
				CLANG_WARN_DIRECT_OBJC_ISA_USAGE = YES_ERROR;
				CLANG_WARN_DOCUMENTATION_COMMENTS = YES;
				CLANG_WARN_EMPTY_BODY = YES;
				CLANG_WARN_ENUM_CONVERSION = YES;
				CLANG_WARN_INFINITE_RECURSION = YES;
				CLANG_WARN_INT_CONVERSION = YES;
				CLANG_WARN_NON_LITERAL_NULL_CONVERSION = YES;
				CLANG_WARN_OBJC_IMPLICIT_RETAIN_SELF = YES;
				CLANG_WARN_OBJC_LITERAL_CONVERSION = YES;
				CLANG_WARN_OBJC_ROOT_CLASS = YES_ERROR;
				CLANG_WARN_QUOTED_INCLUDE_IN_FRAMEWORK_HEADER = YES;
				CLANG_WARN_RANGE_LOOP_ANALYSIS = YES;
				CLANG_WARN_STRICT_PROTOTYPES = YES;
				CLANG_WARN_SUSPICIOUS_MOVE = YES;
				CLANG_WARN_UNGUARDED_AVAILABILITY = YES_AGGRESSIVE;
				CLANG_WARN_UNREACHABLE_CODE = YES;
				CLANG_WARN__DUPLICATE_METHOD_MATCH = YES;
				COPY_PHASE_STRIP = NO;
				DEBUG_INFORMATION_FORMAT = dwarf;
				ENABLE_STRICT_OBJC_MSGSEND = YES;
				ENABLE_TESTABILITY = YES;
				GCC_C_LANGUAGE_STANDARD = gnu11;
				GCC_DYNAMIC_NO_PIC = NO;
				GCC_NO_COMMON_BLOCKS = YES;
				GCC_OPTIMIZATION_LEVEL = 0;
				GCC_PREPROCESSOR_DEFINITIONS = (
					"DEBUG=1",
					"$(inherited)",
				);
				GCC_WARN_64_TO_32_BIT_CONVERSION = YES;
				GCC_WARN_ABOUT_RETURN_TYPE = YES_ERROR;
				GCC_WARN_UNDECLARED_SELECTOR = YES;
				GCC_WARN_UNINITIALIZED_AUTOS = YES_AGGRESSIVE;
				GCC_WARN_UNUSED_FUNCTION = YES;
				GCC_WARN_UNUSED_VARIABLE = YES;
				IPHONEOS_DEPLOYMENT_TARGET = 16.2;
				MTL_ENABLE_DEBUG_INFO = INCLUDE_SOURCE;
				MTL_FAST_MATH = YES;
				ONLY_ACTIVE_ARCH = YES;
				SDKROOT = iphoneos;
				SWIFT_ACTIVE_COMPILATION_CONDITIONS = DEBUG;
				SWIFT_OPTIMIZATION_LEVEL = "-Onone";
			};
			name = Debug;
		};
		FF72F0992A15C65A004EDDB0 /* Release */ = {
			isa = XCBuildConfiguration;
			buildSettings = {
				ALWAYS_SEARCH_USER_PATHS = NO;
				CLANG_ANALYZER_NONNULL = YES;
				CLANG_ANALYZER_NUMBER_OBJECT_CONVERSION = YES_AGGRESSIVE;
				CLANG_CXX_LANGUAGE_STANDARD = "gnu++20";
				CLANG_ENABLE_MODULES = YES;
				CLANG_ENABLE_OBJC_ARC = YES;
				CLANG_ENABLE_OBJC_WEAK = YES;
				CLANG_WARN_BLOCK_CAPTURE_AUTORELEASING = YES;
				CLANG_WARN_BOOL_CONVERSION = YES;
				CLANG_WARN_COMMA = YES;
				CLANG_WARN_CONSTANT_CONVERSION = YES;
				CLANG_WARN_DEPRECATED_OBJC_IMPLEMENTATIONS = YES;
				CLANG_WARN_DIRECT_OBJC_ISA_USAGE = YES_ERROR;
				CLANG_WARN_DOCUMENTATION_COMMENTS = YES;
				CLANG_WARN_EMPTY_BODY = YES;
				CLANG_WARN_ENUM_CONVERSION = YES;
				CLANG_WARN_INFINITE_RECURSION = YES;
				CLANG_WARN_INT_CONVERSION = YES;
				CLANG_WARN_NON_LITERAL_NULL_CONVERSION = YES;
				CLANG_WARN_OBJC_IMPLICIT_RETAIN_SELF = YES;
				CLANG_WARN_OBJC_LITERAL_CONVERSION = YES;
				CLANG_WARN_OBJC_ROOT_CLASS = YES_ERROR;
				CLANG_WARN_QUOTED_INCLUDE_IN_FRAMEWORK_HEADER = YES;
				CLANG_WARN_RANGE_LOOP_ANALYSIS = YES;
				CLANG_WARN_STRICT_PROTOTYPES = YES;
				CLANG_WARN_SUSPICIOUS_MOVE = YES;
				CLANG_WARN_UNGUARDED_AVAILABILITY = YES_AGGRESSIVE;
				CLANG_WARN_UNREACHABLE_CODE = YES;
				CLANG_WARN__DUPLICATE_METHOD_MATCH = YES;
				COPY_PHASE_STRIP = NO;
				DEBUG_INFORMATION_FORMAT = "dwarf-with-dsym";
				ENABLE_NS_ASSERTIONS = NO;
				ENABLE_STRICT_OBJC_MSGSEND = YES;
				GCC_C_LANGUAGE_STANDARD = gnu11;
				GCC_NO_COMMON_BLOCKS = YES;
				GCC_WARN_64_TO_32_BIT_CONVERSION = YES;
				GCC_WARN_ABOUT_RETURN_TYPE = YES_ERROR;
				GCC_WARN_UNDECLARED_SELECTOR = YES;
				GCC_WARN_UNINITIALIZED_AUTOS = YES_AGGRESSIVE;
				GCC_WARN_UNUSED_FUNCTION = YES;
				GCC_WARN_UNUSED_VARIABLE = YES;
				IPHONEOS_DEPLOYMENT_TARGET = 16.2;
				MTL_ENABLE_DEBUG_INFO = NO;
				MTL_FAST_MATH = YES;
				SDKROOT = iphoneos;
				SWIFT_COMPILATION_MODE = wholemodule;
				SWIFT_OPTIMIZATION_LEVEL = "-O";
				VALIDATE_PRODUCT = YES;
			};
			name = Release;
		};
		FF72F09B2A15C65A004EDDB0 /* Debug */ = {
			isa = XCBuildConfiguration;
			buildSettings = {
				ASSETCATALOG_COMPILER_APPICON_NAME = AppIcon;
				ASSETCATALOG_COMPILER_GLOBAL_ACCENT_COLOR_NAME = AccentColor;
				CODE_SIGN_STYLE = Automatic;
				CURRENT_PROJECT_VERSION = 1;
				DEVELOPMENT_ASSET_PATHS = "\"Mugonggan/Preview Content\"";
				DEVELOPMENT_TEAM = 9R82AZ54M6;
				ENABLE_PREVIEWS = YES;
				GENERATE_INFOPLIST_FILE = YES;
				INFOPLIST_KEY_UIApplicationSceneManifest_Generation = YES;
				INFOPLIST_KEY_UIApplicationSupportsIndirectInputEvents = YES;
				INFOPLIST_KEY_UILaunchScreen_Generation = YES;
				INFOPLIST_KEY_UISupportedInterfaceOrientations = UIInterfaceOrientationPortrait;
				LD_RUNPATH_SEARCH_PATHS = (
					"$(inherited)",
					"@executable_path/Frameworks",
				);
				MARKETING_VERSION = 1.0;
				PRODUCT_BUNDLE_IDENTIFIER = com.meong.Mugonggan;
				PRODUCT_NAME = "$(TARGET_NAME)";
				SWIFT_EMIT_LOC_STRINGS = YES;
				SWIFT_VERSION = 5.0;
				TARGETED_DEVICE_FAMILY = "1,2";
			};
			name = Debug;
		};
		FF72F09C2A15C65A004EDDB0 /* Release */ = {
			isa = XCBuildConfiguration;
			buildSettings = {
				ASSETCATALOG_COMPILER_APPICON_NAME = AppIcon;
				ASSETCATALOG_COMPILER_GLOBAL_ACCENT_COLOR_NAME = AccentColor;
				CODE_SIGN_STYLE = Automatic;
				CURRENT_PROJECT_VERSION = 1;
				DEVELOPMENT_ASSET_PATHS = "\"Mugonggan/Preview Content\"";
				DEVELOPMENT_TEAM = 9R82AZ54M6;
				ENABLE_PREVIEWS = YES;
				GENERATE_INFOPLIST_FILE = YES;
				INFOPLIST_KEY_UIApplicationSceneManifest_Generation = YES;
				INFOPLIST_KEY_UIApplicationSupportsIndirectInputEvents = YES;
				INFOPLIST_KEY_UILaunchScreen_Generation = YES;
				INFOPLIST_KEY_UISupportedInterfaceOrientations = UIInterfaceOrientationPortrait;
				LD_RUNPATH_SEARCH_PATHS = (
					"$(inherited)",
					"@executable_path/Frameworks",
				);
				MARKETING_VERSION = 1.0;
				PRODUCT_BUNDLE_IDENTIFIER = com.meong.Mugonggan;
				PRODUCT_NAME = "$(TARGET_NAME)";
				SWIFT_EMIT_LOC_STRINGS = YES;
				SWIFT_VERSION = 5.0;
				TARGETED_DEVICE_FAMILY = "1,2";
			};
			name = Release;
		};
/* End XCBuildConfiguration section */

/* Begin XCConfigurationList section */
		FF72F0822A15C659004EDDB0 /* Build configuration list for PBXProject "Mugonggan" */ = {
			isa = XCConfigurationList;
			buildConfigurations = (
				FF72F0982A15C65A004EDDB0 /* Debug */,
				FF72F0992A15C65A004EDDB0 /* Release */,
			);
			defaultConfigurationIsVisible = 0;
			defaultConfigurationName = Release;
		};
		FF72F09A2A15C65A004EDDB0 /* Build configuration list for PBXNativeTarget "Mugonggan" */ = {
			isa = XCConfigurationList;
			buildConfigurations = (
				FF72F09B2A15C65A004EDDB0 /* Debug */,
				FF72F09C2A15C65A004EDDB0 /* Release */,
			);
			defaultConfigurationIsVisible = 0;
			defaultConfigurationName = Release;
		};
/* End XCConfigurationList section */

/* Begin XCRemoteSwiftPackageReference section */
		FF72F1132A1670B8004EDDB0 /* XCRemoteSwiftPackageReference "firebase-ios-sdk" */ = {
			isa = XCRemoteSwiftPackageReference;
			repositoryURL = "https://github.com/firebase/firebase-ios-sdk";
			requirement = {
				kind = upToNextMajorVersion;
				minimumVersion = 9.0.0;
			};
		};
/* End XCRemoteSwiftPackageReference section */

/* Begin XCSwiftPackageProductDependency section */
		FF72F1142A1670B8004EDDB0 /* FirebaseAnalytics */ = {
			isa = XCSwiftPackageProductDependency;
			package = FF72F1132A1670B8004EDDB0 /* XCRemoteSwiftPackageReference "firebase-ios-sdk" */;
			productName = FirebaseAnalytics;
		};
		FF72F1162A1670B8004EDDB0 /* FirebaseAuth */ = {
			isa = XCSwiftPackageProductDependency;
			package = FF72F1132A1670B8004EDDB0 /* XCRemoteSwiftPackageReference "firebase-ios-sdk" */;
			productName = FirebaseAuth;
		};
		FF72F1182A1670B8004EDDB0 /* FirebaseDatabase */ = {
			isa = XCSwiftPackageProductDependency;
			package = FF72F1132A1670B8004EDDB0 /* XCRemoteSwiftPackageReference "firebase-ios-sdk" */;
			productName = FirebaseDatabase;
		};
		FF72F11A2A1670B8004EDDB0 /* FirebaseDatabaseSwift */ = {
			isa = XCSwiftPackageProductDependency;
			package = FF72F1132A1670B8004EDDB0 /* XCRemoteSwiftPackageReference "firebase-ios-sdk" */;
			productName = FirebaseDatabaseSwift;
		};
		FF72F11C2A1670B8004EDDB0 /* FirebaseFirestore */ = {
			isa = XCSwiftPackageProductDependency;
			package = FF72F1132A1670B8004EDDB0 /* XCRemoteSwiftPackageReference "firebase-ios-sdk" */;
			productName = FirebaseFirestore;
		};
		FF72F11E2A1670B8004EDDB0 /* FirebaseFirestoreSwift */ = {
			isa = XCSwiftPackageProductDependency;
			package = FF72F1132A1670B8004EDDB0 /* XCRemoteSwiftPackageReference "firebase-ios-sdk" */;
			productName = FirebaseFirestoreSwift;
		};
		FF72F1202A1670B8004EDDB0 /* FirebaseMessaging */ = {
			isa = XCSwiftPackageProductDependency;
			package = FF72F1132A1670B8004EDDB0 /* XCRemoteSwiftPackageReference "firebase-ios-sdk" */;
			productName = FirebaseMessaging;
		};
		FF72F1222A1670B8004EDDB0 /* FirebaseStorage */ = {
			isa = XCSwiftPackageProductDependency;
			package = FF72F1132A1670B8004EDDB0 /* XCRemoteSwiftPackageReference "firebase-ios-sdk" */;
			productName = FirebaseStorage;
		};
/* End XCSwiftPackageProductDependency section */

/* Begin XCVersionGroup section */
		FF72F0952A15C65A004EDDB0 /* Mugonggan.xcdatamodeld */ = {
			isa = XCVersionGroup;
			children = (
				FF72F0962A15C65A004EDDB0 /* Mugonggan.xcdatamodel */,
			);
			currentVersion = FF72F0962A15C65A004EDDB0 /* Mugonggan.xcdatamodel */;
			path = Mugonggan.xcdatamodeld;
			sourceTree = "<group>";
			versionGroupType = wrapper.xcdatamodel;
		};
/* End XCVersionGroup section */
	};
	rootObject = FF72F07F2A15C659004EDDB0 /* Project object */;
}
