// !$*UTF8*$!
{
	archiveVersion = 1;
	classes = {
	};
	objectVersion = 56;
	objects = {

/* Begin PBXBuildFile section */
		FF37A5CE2A2729CF0094A233 /* SDWebImageSwiftUI in Frameworks */ = {isa = PBXBuildFile; productRef = FF37A5CD2A2729CF0094A233 /* SDWebImageSwiftUI */; };
		FF4D3C892A1F224F000CAD35 /* UploadChannelPhotoView.swift in Sources */ = {isa = PBXBuildFile; fileRef = FF4D3C882A1F224F000CAD35 /* UploadChannelPhotoView.swift */; };
		FF4D3C8F2A1F23A5000CAD35 /* IntroParagraph.swift in Sources */ = {isa = PBXBuildFile; fileRef = FF4D3C8E2A1F23A5000CAD35 /* IntroParagraph.swift */; };
		FF4D3C912A1F2EE9000CAD35 /* CapsuleButton.swift in Sources */ = {isa = PBXBuildFile; fileRef = FF4D3C902A1F2EE9000CAD35 /* CapsuleButton.swift */; };
		FF4D3C952A1F3139000CAD35 /* AuthViewModel.swift in Sources */ = {isa = PBXBuildFile; fileRef = FF4D3C942A1F3139000CAD35 /* AuthViewModel.swift */; };
		FF4D3C982A1F3A74000CAD35 /* ImageUploader.swift in Sources */ = {isa = PBXBuildFile; fileRef = FF4D3C972A1F3A74000CAD35 /* ImageUploader.swift */; };
		FF4D3C9C2A1F3CD6000CAD35 /* Constants.swift in Sources */ = {isa = PBXBuildFile; fileRef = FF4D3C9B2A1F3CD6000CAD35 /* Constants.swift */; };
		FF4EFC152A25B50A00F8F82F /* Extensions.swift in Sources */ = {isa = PBXBuildFile; fileRef = FF4EFC142A25B50A00F8F82F /* Extensions.swift */; };
		FF694E8A2A20870100D6B6B4 /* UserHomeProfileCell.swift in Sources */ = {isa = PBXBuildFile; fileRef = FF694E892A20870100D6B6B4 /* UserHomeProfileCell.swift */; };
		FF694E8D2A2087ED00D6B6B4 /* Kingfisher in Frameworks */ = {isa = PBXBuildFile; productRef = FF694E8C2A2087ED00D6B6B4 /* Kingfisher */; };
		FF694E8F2A20898400D6B6B4 /* CustomDivider.swift in Sources */ = {isa = PBXBuildFile; fileRef = FF694E8E2A20898400D6B6B4 /* CustomDivider.swift */; };
		FF694E932A209B3E00D6B6B4 /* UserInfo.swift in Sources */ = {isa = PBXBuildFile; fileRef = FF694E922A209B3E00D6B6B4 /* UserInfo.swift */; };
		FF72F08B2A15C659004EDDB0 /* MugongganApp.swift in Sources */ = {isa = PBXBuildFile; fileRef = FF72F08A2A15C659004EDDB0 /* MugongganApp.swift */; };
		FF72F08D2A15C659004EDDB0 /* ContentView.swift in Sources */ = {isa = PBXBuildFile; fileRef = FF72F08C2A15C659004EDDB0 /* ContentView.swift */; };
		FF72F08F2A15C65A004EDDB0 /* Assets.xcassets in Resources */ = {isa = PBXBuildFile; fileRef = FF72F08E2A15C65A004EDDB0 /* Assets.xcassets */; };
		FF72F0922A15C65A004EDDB0 /* Preview Assets.xcassets in Resources */ = {isa = PBXBuildFile; fileRef = FF72F0912A15C65A004EDDB0 /* Preview Assets.xcassets */; };
		FF72F0942A15C65A004EDDB0 /* Persistence.swift in Sources */ = {isa = PBXBuildFile; fileRef = FF72F0932A15C65A004EDDB0 /* Persistence.swift */; };
		FF72F0972A15C65A004EDDB0 /* Mugonggan.xcdatamodeld in Sources */ = {isa = PBXBuildFile; fileRef = FF72F0952A15C65A004EDDB0 /* Mugonggan.xcdatamodeld */; };
		FF72F09F2A15F770004EDDB0 /* SignUpView.swift in Sources */ = {isa = PBXBuildFile; fileRef = FF72F09E2A15F770004EDDB0 /* SignUpView.swift */; };
		FF72F0A62A16670A004EDDB0 /* GoogleService-Info.plist in Resources */ = {isa = PBXBuildFile; fileRef = FF72F0A52A16670A004EDDB0 /* GoogleService-Info.plist */; };
		FF72F1152A1670B8004EDDB0 /* FirebaseAnalytics in Frameworks */ = {isa = PBXBuildFile; productRef = FF72F1142A1670B8004EDDB0 /* FirebaseAnalytics */; };
		FF72F1172A1670B8004EDDB0 /* FirebaseAuth in Frameworks */ = {isa = PBXBuildFile; productRef = FF72F1162A1670B8004EDDB0 /* FirebaseAuth */; };
		FF72F1192A1670B8004EDDB0 /* FirebaseDatabase in Frameworks */ = {isa = PBXBuildFile; productRef = FF72F1182A1670B8004EDDB0 /* FirebaseDatabase */; };
		FF72F11B2A1670B8004EDDB0 /* FirebaseDatabaseSwift in Frameworks */ = {isa = PBXBuildFile; productRef = FF72F11A2A1670B8004EDDB0 /* FirebaseDatabaseSwift */; };
		FF72F11D2A1670B8004EDDB0 /* FirebaseFirestore in Frameworks */ = {isa = PBXBuildFile; productRef = FF72F11C2A1670B8004EDDB0 /* FirebaseFirestore */; };
		FF72F11F2A1670B8004EDDB0 /* FirebaseFirestoreSwift in Frameworks */ = {isa = PBXBuildFile; productRef = FF72F11E2A1670B8004EDDB0 /* FirebaseFirestoreSwift */; };
		FF72F1212A1670B8004EDDB0 /* FirebaseMessaging in Frameworks */ = {isa = PBXBuildFile; productRef = FF72F1202A1670B8004EDDB0 /* FirebaseMessaging */; };
		FF72F1232A1670B8004EDDB0 /* FirebaseStorage in Frameworks */ = {isa = PBXBuildFile; productRef = FF72F1222A1670B8004EDDB0 /* FirebaseStorage */; };
		FF949B4C2A28D53E00CDDACA /* UserHomeViewModel.swift in Sources */ = {isa = PBXBuildFile; fileRef = FF949B4B2A28D53E00CDDACA /* UserHomeViewModel.swift */; };
		FF949B502A28D5E300CDDACA /* Channel.swift in Sources */ = {isa = PBXBuildFile; fileRef = FF949B4F2A28D5E300CDDACA /* Channel.swift */; };
		FF9F22A32A28711D00684EC1 /* SettingView.swift in Sources */ = {isa = PBXBuildFile; fileRef = FF9F22A22A28711D00684EC1 /* SettingView.swift */; };
		FF9F22A52A28713D00684EC1 /* EditProfileViewModel.swift in Sources */ = {isa = PBXBuildFile; fileRef = FF9F22A42A28713D00684EC1 /* EditProfileViewModel.swift */; };
		FF9F22AA2A2875C300684EC1 /* SettingsProfile.swift in Sources */ = {isa = PBXBuildFile; fileRef = FF9F22A92A2875C300684EC1 /* SettingsProfile.swift */; };
		FF9F22AC2A2876D200684EC1 /* SettingsCellViewModel.swift in Sources */ = {isa = PBXBuildFile; fileRef = FF9F22AB2A2876D200684EC1 /* SettingsCellViewModel.swift */; };
		FF9F22AF2A2877A800684EC1 /* EditProfileView.swift in Sources */ = {isa = PBXBuildFile; fileRef = FF9F22AE2A2877A800684EC1 /* EditProfileView.swift */; };
		FF9F22B12A28784500684EC1 /* SettingsCell.swift in Sources */ = {isa = PBXBuildFile; fileRef = FF9F22B02A28784500684EC1 /* SettingsCell.swift */; };
		FF9F22B32A28791700684EC1 /* EditProfileCell.swift in Sources */ = {isa = PBXBuildFile; fileRef = FF9F22B22A28791700684EC1 /* EditProfileCell.swift */; };
		FF9F22B52A28794E00684EC1 /* EditUsernameCell.swift in Sources */ = {isa = PBXBuildFile; fileRef = FF9F22B42A28794E00684EC1 /* EditUsernameCell.swift */; };
		FF9F22BD2A28824300684EC1 /* UserViewModel.swift in Sources */ = {isa = PBXBuildFile; fileRef = FF9F22BC2A28824300684EC1 /* UserViewModel.swift */; };
		FFA542492A1DDAFD001196F8 /* ImagePicker.swift in Sources */ = {isa = PBXBuildFile; fileRef = FFA542482A1DDAFD001196F8 /* ImagePicker.swift */; };
		FFBD42382A1B4F010077E020 /* MulistView.swift in Sources */ = {isa = PBXBuildFile; fileRef = FFBD42372A1B4F010077E020 /* MulistView.swift */; };
		FFBD423F2A1C8D4C0077E020 /* LoginView.swift in Sources */ = {isa = PBXBuildFile; fileRef = FFBD423E2A1C8D4C0077E020 /* LoginView.swift */; };
		FFBD42412A1CFCF80077E020 /* MuDetailView.swift in Sources */ = {isa = PBXBuildFile; fileRef = FFBD42402A1CFCF80077E020 /* MuDetailView.swift */; };
		FFBD42432A1D0CD10077E020 /* UserHomeView.swift in Sources */ = {isa = PBXBuildFile; fileRef = FFBD42422A1D0CD10077E020 /* UserHomeView.swift */; };
		FFC64D282A259CCB00B9C39E /* ProfilePhotoSelectorView.swift in Sources */ = {isa = PBXBuildFile; fileRef = FFC64D272A259CCB00B9C39E /* ProfilePhotoSelectorView.swift */; };
		FFC771072A3301E500C9DBD1 /* LikeViewModel.swift in Sources */ = {isa = PBXBuildFile; fileRef = FFC771062A3301E500C9DBD1 /* LikeViewModel.swift */; };
		FFD9921E2A2A4B840055359C /* Owner.swift in Sources */ = {isa = PBXBuildFile; fileRef = FFD9921D2A2A4B840055359C /* Owner.swift */; };
		FFD992202A2A58070055359C /* MotionAnimationView.swift in Sources */ = {isa = PBXBuildFile; fileRef = FFD9921F2A2A58070055359C /* MotionAnimationView.swift */; };
		FFE6F1E72A297705004C1981 /* MyUploadImageView.swift in Sources */ = {isa = PBXBuildFile; fileRef = FFE6F1E62A297705004C1981 /* MyUploadImageView.swift */; };
		FFE6F1E92A2979CB004C1981 /* MyCountView.swift in Sources */ = {isa = PBXBuildFile; fileRef = FFE6F1E82A2979CB004C1981 /* MyCountView.swift */; };
		FFE6F1EB2A298BB7004C1981 /* Color.swift in Sources */ = {isa = PBXBuildFile; fileRef = FFE6F1EA2A298BB7004C1981 /* Color.swift */; };
		FFE6F1EE2A29BD0A004C1981 /* ChannelViewModel.swift in Sources */ = {isa = PBXBuildFile; fileRef = FFE6F1ED2A29BD0A004C1981 /* ChannelViewModel.swift */; };
		FFE6F1F02A29E60E004C1981 /* LikeCell.swift in Sources */ = {isa = PBXBuildFile; fileRef = FFE6F1EF2A29E60E004C1981 /* LikeCell.swift */; };
		FFF6E2922A28E48A0058ECD3 /* CoverImageViw.swift in Sources */ = {isa = PBXBuildFile; fileRef = FFF6E2912A28E48A0058ECD3 /* CoverImageViw.swift */; };
		FFF6E2942A28E7DD0058ECD3 /* UserHomeNameCell.swift in Sources */ = {isa = PBXBuildFile; fileRef = FFF6E2932A28E7DD0058ECD3 /* UserHomeNameCell.swift */; };
/* End PBXBuildFile section */

/* Begin PBXFileReference section */
		FF28E97F2A211121000B25D6 /* Info.plist */ = {isa = PBXFileReference; lastKnownFileType = text.plist; path = Info.plist; sourceTree = "<group>"; };
		FF4D3C882A1F224F000CAD35 /* UploadChannelPhotoView.swift */ = {isa = PBXFileReference; lastKnownFileType = sourcecode.swift; path = UploadChannelPhotoView.swift; sourceTree = "<group>"; };
		FF4D3C8E2A1F23A5000CAD35 /* IntroParagraph.swift */ = {isa = PBXFileReference; lastKnownFileType = sourcecode.swift; path = IntroParagraph.swift; sourceTree = "<group>"; };
		FF4D3C902A1F2EE9000CAD35 /* CapsuleButton.swift */ = {isa = PBXFileReference; lastKnownFileType = sourcecode.swift; path = CapsuleButton.swift; sourceTree = "<group>"; };
		FF4D3C942A1F3139000CAD35 /* AuthViewModel.swift */ = {isa = PBXFileReference; lastKnownFileType = sourcecode.swift; path = AuthViewModel.swift; sourceTree = "<group>"; };
		FF4D3C972A1F3A74000CAD35 /* ImageUploader.swift */ = {isa = PBXFileReference; lastKnownFileType = sourcecode.swift; path = ImageUploader.swift; sourceTree = "<group>"; };
		FF4D3C9B2A1F3CD6000CAD35 /* Constants.swift */ = {isa = PBXFileReference; lastKnownFileType = sourcecode.swift; path = Constants.swift; sourceTree = "<group>"; };
		FF4EFC142A25B50A00F8F82F /* Extensions.swift */ = {isa = PBXFileReference; lastKnownFileType = sourcecode.swift; path = Extensions.swift; sourceTree = "<group>"; };
		FF694E892A20870100D6B6B4 /* UserHomeProfileCell.swift */ = {isa = PBXFileReference; lastKnownFileType = sourcecode.swift; path = UserHomeProfileCell.swift; sourceTree = "<group>"; };
		FF694E8E2A20898400D6B6B4 /* CustomDivider.swift */ = {isa = PBXFileReference; lastKnownFileType = sourcecode.swift; path = CustomDivider.swift; sourceTree = "<group>"; };
		FF694E922A209B3E00D6B6B4 /* UserInfo.swift */ = {isa = PBXFileReference; lastKnownFileType = sourcecode.swift; path = UserInfo.swift; sourceTree = "<group>"; };
		FF72F0872A15C659004EDDB0 /* Mugonggan.app */ = {isa = PBXFileReference; explicitFileType = wrapper.application; includeInIndex = 0; path = Mugonggan.app; sourceTree = BUILT_PRODUCTS_DIR; };
		FF72F08A2A15C659004EDDB0 /* MugongganApp.swift */ = {isa = PBXFileReference; lastKnownFileType = sourcecode.swift; path = MugongganApp.swift; sourceTree = "<group>"; };
		FF72F08C2A15C659004EDDB0 /* ContentView.swift */ = {isa = PBXFileReference; lastKnownFileType = sourcecode.swift; path = ContentView.swift; sourceTree = "<group>"; };
		FF72F08E2A15C65A004EDDB0 /* Assets.xcassets */ = {isa = PBXFileReference; lastKnownFileType = folder.assetcatalog; path = Assets.xcassets; sourceTree = "<group>"; };
		FF72F0912A15C65A004EDDB0 /* Preview Assets.xcassets */ = {isa = PBXFileReference; lastKnownFileType = folder.assetcatalog; path = "Preview Assets.xcassets"; sourceTree = "<group>"; };
		FF72F0932A15C65A004EDDB0 /* Persistence.swift */ = {isa = PBXFileReference; lastKnownFileType = sourcecode.swift; path = Persistence.swift; sourceTree = "<group>"; };
		FF72F0962A15C65A004EDDB0 /* Mugonggan.xcdatamodel */ = {isa = PBXFileReference; lastKnownFileType = wrapper.xcdatamodel; path = Mugonggan.xcdatamodel; sourceTree = "<group>"; };
		FF72F09E2A15F770004EDDB0 /* SignUpView.swift */ = {isa = PBXFileReference; lastKnownFileType = sourcecode.swift; path = SignUpView.swift; sourceTree = "<group>"; };
		FF72F0A52A16670A004EDDB0 /* GoogleService-Info.plist */ = {isa = PBXFileReference; fileEncoding = 4; lastKnownFileType = text.plist.xml; name = "GoogleService-Info.plist"; path = "../../../../../Downloads/GoogleService-Info.plist"; sourceTree = "<group>"; };
		FF949B4B2A28D53E00CDDACA /* UserHomeViewModel.swift */ = {isa = PBXFileReference; lastKnownFileType = sourcecode.swift; path = UserHomeViewModel.swift; sourceTree = "<group>"; };
		FF949B4F2A28D5E300CDDACA /* Channel.swift */ = {isa = PBXFileReference; lastKnownFileType = sourcecode.swift; path = Channel.swift; sourceTree = "<group>"; };
		FF9F22A22A28711D00684EC1 /* SettingView.swift */ = {isa = PBXFileReference; lastKnownFileType = sourcecode.swift; path = SettingView.swift; sourceTree = "<group>"; };
		FF9F22A42A28713D00684EC1 /* EditProfileViewModel.swift */ = {isa = PBXFileReference; lastKnownFileType = sourcecode.swift; path = EditProfileViewModel.swift; sourceTree = "<group>"; };
		FF9F22A92A2875C300684EC1 /* SettingsProfile.swift */ = {isa = PBXFileReference; lastKnownFileType = sourcecode.swift; path = SettingsProfile.swift; sourceTree = "<group>"; };
		FF9F22AB2A2876D200684EC1 /* SettingsCellViewModel.swift */ = {isa = PBXFileReference; lastKnownFileType = sourcecode.swift; path = SettingsCellViewModel.swift; sourceTree = "<group>"; };
		FF9F22AE2A2877A800684EC1 /* EditProfileView.swift */ = {isa = PBXFileReference; lastKnownFileType = sourcecode.swift; path = EditProfileView.swift; sourceTree = "<group>"; };
		FF9F22B02A28784500684EC1 /* SettingsCell.swift */ = {isa = PBXFileReference; lastKnownFileType = sourcecode.swift; path = SettingsCell.swift; sourceTree = "<group>"; };
		FF9F22B22A28791700684EC1 /* EditProfileCell.swift */ = {isa = PBXFileReference; lastKnownFileType = sourcecode.swift; path = EditProfileCell.swift; sourceTree = "<group>"; };
		FF9F22B42A28794E00684EC1 /* EditUsernameCell.swift */ = {isa = PBXFileReference; lastKnownFileType = sourcecode.swift; path = EditUsernameCell.swift; sourceTree = "<group>"; };
		FF9F22BC2A28824300684EC1 /* UserViewModel.swift */ = {isa = PBXFileReference; lastKnownFileType = sourcecode.swift; path = UserViewModel.swift; sourceTree = "<group>"; };
		FFA542482A1DDAFD001196F8 /* ImagePicker.swift */ = {isa = PBXFileReference; lastKnownFileType = sourcecode.swift; path = ImagePicker.swift; sourceTree = "<group>"; };
		FFBD42372A1B4F010077E020 /* MulistView.swift */ = {isa = PBXFileReference; lastKnownFileType = sourcecode.swift; path = MulistView.swift; sourceTree = "<group>"; };
		FFBD423E2A1C8D4C0077E020 /* LoginView.swift */ = {isa = PBXFileReference; lastKnownFileType = sourcecode.swift; path = LoginView.swift; sourceTree = "<group>"; };
		FFBD42402A1CFCF80077E020 /* MuDetailView.swift */ = {isa = PBXFileReference; lastKnownFileType = sourcecode.swift; path = MuDetailView.swift; sourceTree = "<group>"; };
		FFBD42422A1D0CD10077E020 /* UserHomeView.swift */ = {isa = PBXFileReference; lastKnownFileType = sourcecode.swift; path = UserHomeView.swift; sourceTree = "<group>"; };
		FFC64D272A259CCB00B9C39E /* ProfilePhotoSelectorView.swift */ = {isa = PBXFileReference; lastKnownFileType = sourcecode.swift; path = ProfilePhotoSelectorView.swift; sourceTree = "<group>"; };
		FFC771062A3301E500C9DBD1 /* LikeViewModel.swift */ = {isa = PBXFileReference; lastKnownFileType = sourcecode.swift; path = LikeViewModel.swift; sourceTree = "<group>"; };
		FFD9921D2A2A4B840055359C /* Owner.swift */ = {isa = PBXFileReference; lastKnownFileType = sourcecode.swift; path = Owner.swift; sourceTree = "<group>"; };
		FFD9921F2A2A58070055359C /* MotionAnimationView.swift */ = {isa = PBXFileReference; lastKnownFileType = sourcecode.swift; path = MotionAnimationView.swift; sourceTree = "<group>"; };
		FFE6F1E62A297705004C1981 /* MyUploadImageView.swift */ = {isa = PBXFileReference; lastKnownFileType = sourcecode.swift; path = MyUploadImageView.swift; sourceTree = "<group>"; };
		FFE6F1E82A2979CB004C1981 /* MyCountView.swift */ = {isa = PBXFileReference; lastKnownFileType = sourcecode.swift; path = MyCountView.swift; sourceTree = "<group>"; };
		FFE6F1EA2A298BB7004C1981 /* Color.swift */ = {isa = PBXFileReference; lastKnownFileType = sourcecode.swift; path = Color.swift; sourceTree = "<group>"; };
		FFE6F1ED2A29BD0A004C1981 /* ChannelViewModel.swift */ = {isa = PBXFileReference; lastKnownFileType = sourcecode.swift; path = ChannelViewModel.swift; sourceTree = "<group>"; };
		FFE6F1EF2A29E60E004C1981 /* LikeCell.swift */ = {isa = PBXFileReference; lastKnownFileType = sourcecode.swift; path = LikeCell.swift; sourceTree = "<group>"; };
		FFF6E2912A28E48A0058ECD3 /* CoverImageViw.swift */ = {isa = PBXFileReference; lastKnownFileType = sourcecode.swift; path = CoverImageViw.swift; sourceTree = "<group>"; };
		FFF6E2932A28E7DD0058ECD3 /* UserHomeNameCell.swift */ = {isa = PBXFileReference; lastKnownFileType = sourcecode.swift; path = UserHomeNameCell.swift; sourceTree = "<group>"; };
/* End PBXFileReference section */

/* Begin PBXFrameworksBuildPhase section */
		FF72F0842A15C659004EDDB0 /* Frameworks */ = {
			isa = PBXFrameworksBuildPhase;
			buildActionMask = 2147483647;
			files = (
				FF37A5CE2A2729CF0094A233 /* SDWebImageSwiftUI in Frameworks */,
				FF72F11B2A1670B8004EDDB0 /* FirebaseDatabaseSwift in Frameworks */,
				FF72F1192A1670B8004EDDB0 /* FirebaseDatabase in Frameworks */,
				FF72F1212A1670B8004EDDB0 /* FirebaseMessaging in Frameworks */,
				FF694E8D2A2087ED00D6B6B4 /* Kingfisher in Frameworks */,
				FF72F1152A1670B8004EDDB0 /* FirebaseAnalytics in Frameworks */,
				FF72F11D2A1670B8004EDDB0 /* FirebaseFirestore in Frameworks */,
				FF72F1232A1670B8004EDDB0 /* FirebaseStorage in Frameworks */,
				FF72F1172A1670B8004EDDB0 /* FirebaseAuth in Frameworks */,
				FF72F11F2A1670B8004EDDB0 /* FirebaseFirestoreSwift in Frameworks */,
			);
			runOnlyForDeploymentPostprocessing = 0;
		};
/* End PBXFrameworksBuildPhase section */

/* Begin PBXGroup section */
		FF37A5CF2A2738AE0094A233 /* Motion */ = {
			isa = PBXGroup;
			children = (
				FFD9921F2A2A58070055359C /* MotionAnimationView.swift */,
			);
			path = Motion;
			sourceTree = "<group>";
		};
		FF4D3C8A2A1F2256000CAD35 /* UserHome */ = {
			isa = PBXGroup;
			children = (
				FF694E892A20870100D6B6B4 /* UserHomeProfileCell.swift */,
				FFBD42422A1D0CD10077E020 /* UserHomeView.swift */,
				FFF6E2912A28E48A0058ECD3 /* CoverImageViw.swift */,
				FFF6E2932A28E7DD0058ECD3 /* UserHomeNameCell.swift */,
				FFE6F1E62A297705004C1981 /* MyUploadImageView.swift */,
				FFE6F1E82A2979CB004C1981 /* MyCountView.swift */,
			);
			path = UserHome;
			sourceTree = "<group>";
		};
		FF4D3C8B2A1F2269000CAD35 /* Login */ = {
			isa = PBXGroup;
			children = (
				FFBD423E2A1C8D4C0077E020 /* LoginView.swift */,
				FF72F09E2A15F770004EDDB0 /* SignUpView.swift */,
				FFC64D272A259CCB00B9C39E /* ProfilePhotoSelectorView.swift */,
			);
			path = Login;
			sourceTree = "<group>";
		};
		FF4D3C8C2A1F2282000CAD35 /* Main */ = {
			isa = PBXGroup;
			children = (
				FFBD42402A1CFCF80077E020 /* MuDetailView.swift */,
				FFBD42372A1B4F010077E020 /* MulistView.swift */,
				FFE6F1EF2A29E60E004C1981 /* LikeCell.swift */,
			);
			path = Main;
			sourceTree = "<group>";
		};
		FF4D3C8D2A1F2394000CAD35 /* Elements */ = {
			isa = PBXGroup;
			children = (
				FF4D3C8E2A1F23A5000CAD35 /* IntroParagraph.swift */,
				FF4D3C902A1F2EE9000CAD35 /* CapsuleButton.swift */,
			);
			path = Elements;
			sourceTree = "<group>";
		};
		FF4D3C932A1F3129000CAD35 /* Auth */ = {
			isa = PBXGroup;
			children = (
				FF4D3C942A1F3139000CAD35 /* AuthViewModel.swift */,
			);
			path = Auth;
			sourceTree = "<group>";
		};
		FF4D3C962A1F3A5F000CAD35 /* API */ = {
			isa = PBXGroup;
			children = (
				FF4D3C972A1F3A74000CAD35 /* ImageUploader.swift */,
			);
			path = API;
			sourceTree = "<group>";
		};
		FF4D3C992A1F3CB3000CAD35 /* Utils */ = {
			isa = PBXGroup;
			children = (
				FF4D3C9B2A1F3CD6000CAD35 /* Constants.swift */,
				FF694E8E2A20898400D6B6B4 /* CustomDivider.swift */,
				FF4EFC142A25B50A00F8F82F /* Extensions.swift */,
				FFE6F1EA2A298BB7004C1981 /* Color.swift */,
			);
			path = Utils;
			sourceTree = "<group>";
		};
		FF72F07E2A15C659004EDDB0 = {
			isa = PBXGroup;
			children = (
				FF72F0892A15C659004EDDB0 /* Mugonggan */,
				FF72F0882A15C659004EDDB0 /* Products */,
			);
			sourceTree = "<group>";
		};
		FF72F0882A15C659004EDDB0 /* Products */ = {
			isa = PBXGroup;
			children = (
				FF72F0872A15C659004EDDB0 /* Mugonggan.app */,
			);
			name = Products;
			sourceTree = "<group>";
		};
		FF72F0892A15C659004EDDB0 /* Mugonggan */ = {
			isa = PBXGroup;
			children = (
				FF9F22BB2A28823200684EC1 /* Model */,
				FF4D3C992A1F3CB3000CAD35 /* Utils */,
				FF4D3C962A1F3A5F000CAD35 /* API */,
				FF9F22B72A287CEB00684EC1 /* ViewModel */,
				FF72F09D2A15F6FB004EDDB0 /* View */,
				FF72F08E2A15C65A004EDDB0 /* Assets.xcassets */,
				FF72F0A52A16670A004EDDB0 /* GoogleService-Info.plist */,
				FF72F0932A15C65A004EDDB0 /* Persistence.swift */,
				FF72F0952A15C65A004EDDB0 /* Mugonggan.xcdatamodeld */,
				FF28E97F2A211121000B25D6 /* Info.plist */,
				FF72F0902A15C65A004EDDB0 /* Preview Content */,
			);
			path = Mugonggan;
			sourceTree = "<group>";
		};
		FF72F0902A15C65A004EDDB0 /* Preview Content */ = {
			isa = PBXGroup;
			children = (
				FF72F0912A15C65A004EDDB0 /* Preview Assets.xcassets */,
			);
			path = "Preview Content";
			sourceTree = "<group>";
		};
		FF72F09D2A15F6FB004EDDB0 /* View */ = {
			isa = PBXGroup;
			children = (
				FF72F08C2A15C659004EDDB0 /* ContentView.swift */,
				FF72F08A2A15C659004EDDB0 /* MugongganApp.swift */,
				FF9F22A72A28758600684EC1 /* Settings */,
				FF9F22A12A2870A600684EC1 /* Photo */,
				FF37A5CF2A2738AE0094A233 /* Motion */,
				FF4D3C8D2A1F2394000CAD35 /* Elements */,
				FF4D3C8C2A1F2282000CAD35 /* Main */,
				FF4D3C8B2A1F2269000CAD35 /* Login */,
				FF4D3C8A2A1F2256000CAD35 /* UserHome */,
			);
			path = View;
			sourceTree = "<group>";
		};
		FF949B4A2A28D52700CDDACA /* UserHome */ = {
			isa = PBXGroup;
			children = (
				FF949B4B2A28D53E00CDDACA /* UserHomeViewModel.swift */,
			);
			path = UserHome;
			sourceTree = "<group>";
		};
		FF9F22A12A2870A600684EC1 /* Photo */ = {
			isa = PBXGroup;
			children = (
				FFA542482A1DDAFD001196F8 /* ImagePicker.swift */,
				FF4D3C882A1F224F000CAD35 /* UploadChannelPhotoView.swift */,
			);
			path = Photo;
			sourceTree = "<group>";
		};
		FF9F22A72A28758600684EC1 /* Settings */ = {
			isa = PBXGroup;
			children = (
				FF9F22AD2A28778100684EC1 /* EditProfile */,
				FF9F22A82A2875A100684EC1 /* Settings */,
			);
			path = Settings;
			sourceTree = "<group>";
		};
		FF9F22A82A2875A100684EC1 /* Settings */ = {
			isa = PBXGroup;
			children = (
				FF9F22A22A28711D00684EC1 /* SettingView.swift */,
				FF9F22A92A2875C300684EC1 /* SettingsProfile.swift */,
				FF9F22AB2A2876D200684EC1 /* SettingsCellViewModel.swift */,
				FF9F22B02A28784500684EC1 /* SettingsCell.swift */,
			);
			path = Settings;
			sourceTree = "<group>";
		};
		FF9F22AD2A28778100684EC1 /* EditProfile */ = {
			isa = PBXGroup;
			children = (
				FF9F22AE2A2877A800684EC1 /* EditProfileView.swift */,
				FF9F22B22A28791700684EC1 /* EditProfileCell.swift */,
				FF9F22B42A28794E00684EC1 /* EditUsernameCell.swift */,
			);
			path = EditProfile;
			sourceTree = "<group>";
		};
		FF9F22B72A287CEB00684EC1 /* ViewModel */ = {
			isa = PBXGroup;
			children = (
				FFC771052A3301C700C9DBD1 /* Channel */,
				FFE6F1EC2A29BCFA004C1981 /* Detail */,
				FF949B4A2A28D52700CDDACA /* UserHome */,
				FF9F22B92A2881C700684EC1 /* User */,
				FF9F22B82A287CFD00684EC1 /* Settings */,
				FF4D3C932A1F3129000CAD35 /* Auth */,
			);
			path = ViewModel;
			sourceTree = "<group>";
		};
		FF9F22B82A287CFD00684EC1 /* Settings */ = {
			isa = PBXGroup;
			children = (
				FF9F22A42A28713D00684EC1 /* EditProfileViewModel.swift */,
			);
			path = Settings;
			sourceTree = "<group>";
		};
		FF9F22B92A2881C700684EC1 /* User */ = {
			isa = PBXGroup;
			children = (
				FF9F22BC2A28824300684EC1 /* UserViewModel.swift */,
			);
			path = User;
			sourceTree = "<group>";
		};
		FF9F22BB2A28823200684EC1 /* Model */ = {
			isa = PBXGroup;
			children = (
				FF694E922A209B3E00D6B6B4 /* UserInfo.swift */,
				FF949B4F2A28D5E300CDDACA /* Channel.swift */,
				FFD9921D2A2A4B840055359C /* Owner.swift */,
			);
			path = Model;
			sourceTree = "<group>";
		};
		FFC771052A3301C700C9DBD1 /* Channel */ = {
			isa = PBXGroup;
			children = (
				FFC771062A3301E500C9DBD1 /* LikeViewModel.swift */,
			);
			path = Channel;
			sourceTree = "<group>";
		};
		FFE6F1EC2A29BCFA004C1981 /* Detail */ = {
			isa = PBXGroup;
			children = (
				FFE6F1ED2A29BD0A004C1981 /* ChannelViewModel.swift */,
			);
			path = Detail;
			sourceTree = "<group>";
		};
/* End PBXGroup section */

/* Begin PBXNativeTarget section */
		FF72F0862A15C659004EDDB0 /* Mugonggan */ = {
			isa = PBXNativeTarget;
			buildConfigurationList = FF72F09A2A15C65A004EDDB0 /* Build configuration list for PBXNativeTarget "Mugonggan" */;
			buildPhases = (
				FF72F0832A15C659004EDDB0 /* Sources */,
				FF72F0842A15C659004EDDB0 /* Frameworks */,
				FF72F0852A15C659004EDDB0 /* Resources */,
			);
			buildRules = (
			);
			dependencies = (
			);
			name = Mugonggan;
			packageProductDependencies = (
				FF72F1142A1670B8004EDDB0 /* FirebaseAnalytics */,
				FF72F1162A1670B8004EDDB0 /* FirebaseAuth */,
				FF72F1182A1670B8004EDDB0 /* FirebaseDatabase */,
				FF72F11A2A1670B8004EDDB0 /* FirebaseDatabaseSwift */,
				FF72F11C2A1670B8004EDDB0 /* FirebaseFirestore */,
				FF72F11E2A1670B8004EDDB0 /* FirebaseFirestoreSwift */,
				FF72F1202A1670B8004EDDB0 /* FirebaseMessaging */,
				FF72F1222A1670B8004EDDB0 /* FirebaseStorage */,
				FF694E8C2A2087ED00D6B6B4 /* Kingfisher */,
				FF37A5CD2A2729CF0094A233 /* SDWebImageSwiftUI */,
			);
			productName = Mugonggan;
			productReference = FF72F0872A15C659004EDDB0 /* Mugonggan.app */;
			productType = "com.apple.product-type.application";
		};
/* End PBXNativeTarget section */

/* Begin PBXProject section */
		FF72F07F2A15C659004EDDB0 /* Project object */ = {
			isa = PBXProject;
			attributes = {
				BuildIndependentTargetsInParallel = 1;
				LastSwiftUpdateCheck = 1420;
				LastUpgradeCheck = 1420;
				TargetAttributes = {
					FF72F0862A15C659004EDDB0 = {
						CreatedOnToolsVersion = 14.2;
					};
				};
			};
			buildConfigurationList = FF72F0822A15C659004EDDB0 /* Build configuration list for PBXProject "Mugonggan" */;
			compatibilityVersion = "Xcode 14.0";
			developmentRegion = en;
			hasScannedForEncodings = 0;
			knownRegions = (
				en,
				Base,
			);
			mainGroup = FF72F07E2A15C659004EDDB0;
			packageReferences = (
				FF72F1132A1670B8004EDDB0 /* XCRemoteSwiftPackageReference "firebase-ios-sdk" */,
				FF694E8B2A2087ED00D6B6B4 /* XCRemoteSwiftPackageReference "Kingfisher" */,
				FF37A5CC2A2729CF0094A233 /* XCRemoteSwiftPackageReference "SDWebImageSwiftUI" */,
			);
			productRefGroup = FF72F0882A15C659004EDDB0 /* Products */;
			projectDirPath = "";
			projectRoot = "";
			targets = (
				FF72F0862A15C659004EDDB0 /* Mugonggan */,
			);
		};
/* End PBXProject section */

/* Begin PBXResourcesBuildPhase section */
		FF72F0852A15C659004EDDB0 /* Resources */ = {
			isa = PBXResourcesBuildPhase;
			buildActionMask = 2147483647;
			files = (
				FF72F0922A15C65A004EDDB0 /* Preview Assets.xcassets in Resources */,
				FF72F08F2A15C65A004EDDB0 /* Assets.xcassets in Resources */,
				FF72F0A62A16670A004EDDB0 /* GoogleService-Info.plist in Resources */,
			);
			runOnlyForDeploymentPostprocessing = 0;
		};
/* End PBXResourcesBuildPhase section */

/* Begin PBXSourcesBuildPhase section */
		FF72F0832A15C659004EDDB0 /* Sources */ = {
			isa = PBXSourcesBuildPhase;
			buildActionMask = 2147483647;
			files = (
				FF694E8F2A20898400D6B6B4 /* CustomDivider.swift in Sources */,
				FF9F22AC2A2876D200684EC1 /* SettingsCellViewModel.swift in Sources */,
				FF72F0942A15C65A004EDDB0 /* Persistence.swift in Sources */,
				FFE6F1E72A297705004C1981 /* MyUploadImageView.swift in Sources */,
				FF9F22AA2A2875C300684EC1 /* SettingsProfile.swift in Sources */,
				FF694E8A2A20870100D6B6B4 /* UserHomeProfileCell.swift in Sources */,
				FFE6F1E92A2979CB004C1981 /* MyCountView.swift in Sources */,
				FFE6F1F02A29E60E004C1981 /* LikeCell.swift in Sources */,
				FFE6F1EE2A29BD0A004C1981 /* ChannelViewModel.swift in Sources */,
				FF4D3C9C2A1F3CD6000CAD35 /* Constants.swift in Sources */,
				FFC64D282A259CCB00B9C39E /* ProfilePhotoSelectorView.swift in Sources */,
				FFF6E2922A28E48A0058ECD3 /* CoverImageViw.swift in Sources */,
				FFD992202A2A58070055359C /* MotionAnimationView.swift in Sources */,
				FFE6F1EB2A298BB7004C1981 /* Color.swift in Sources */,
				FF4D3C892A1F224F000CAD35 /* UploadChannelPhotoView.swift in Sources */,
				FFBD423F2A1C8D4C0077E020 /* LoginView.swift in Sources */,
				FF72F0972A15C65A004EDDB0 /* Mugonggan.xcdatamodeld in Sources */,
				FF694E932A209B3E00D6B6B4 /* UserInfo.swift in Sources */,
				FF4D3C952A1F3139000CAD35 /* AuthViewModel.swift in Sources */,
				FFBD42382A1B4F010077E020 /* MulistView.swift in Sources */,
				FF9F22BD2A28824300684EC1 /* UserViewModel.swift in Sources */,
				FF9F22A52A28713D00684EC1 /* EditProfileViewModel.swift in Sources */,
				FF72F09F2A15F770004EDDB0 /* SignUpView.swift in Sources */,
				FF4D3C912A1F2EE9000CAD35 /* CapsuleButton.swift in Sources */,
				FF949B502A28D5E300CDDACA /* Channel.swift in Sources */,
				FF949B4C2A28D53E00CDDACA /* UserHomeViewModel.swift in Sources */,
				FF4EFC152A25B50A00F8F82F /* Extensions.swift in Sources */,
				FFBD42432A1D0CD10077E020 /* UserHomeView.swift in Sources */,
				FFBD42412A1CFCF80077E020 /* MuDetailView.swift in Sources */,
				FF9F22B52A28794E00684EC1 /* EditUsernameCell.swift in Sources */,
				FFF6E2942A28E7DD0058ECD3 /* UserHomeNameCell.swift in Sources */,
				FFA542492A1DDAFD001196F8 /* ImagePicker.swift in Sources */,
				FF9F22B12A28784500684EC1 /* SettingsCell.swift in Sources */,
				FF72F08D2A15C659004EDDB0 /* ContentView.swift in Sources */,
				FFD9921E2A2A4B840055359C /* Owner.swift in Sources */,
				FFC771072A3301E500C9DBD1 /* LikeViewModel.swift in Sources */,
				FF4D3C982A1F3A74000CAD35 /* ImageUploader.swift in Sources */,
				FF9F22B32A28791700684EC1 /* EditProfileCell.swift in Sources */,
				FF4D3C8F2A1F23A5000CAD35 /* IntroParagraph.swift in Sources */,
				FF72F08B2A15C659004EDDB0 /* MugongganApp.swift in Sources */,
				FF9F22AF2A2877A800684EC1 /* EditProfileView.swift in Sources */,
				FF9F22A32A28711D00684EC1 /* SettingView.swift in Sources */,
			);
			runOnlyForDeploymentPostprocessing = 0;
		};
/* End PBXSourcesBuildPhase section */

/* Begin XCBuildConfiguration section */
		FF72F0982A15C65A004EDDB0 /* Debug */ = {
			isa = XCBuildConfiguration;
			buildSettings = {
				ALWAYS_SEARCH_USER_PATHS = NO;
				CLANG_ANALYZER_NONNULL = YES;
				CLANG_ANALYZER_NUMBER_OBJECT_CONVERSION = YES_AGGRESSIVE;
				CLANG_CXX_LANGUAGE_STANDARD = "gnu++20";
				CLANG_ENABLE_MODULES = YES;
				CLANG_ENABLE_OBJC_ARC = YES;
				CLANG_ENABLE_OBJC_WEAK = YES;
				CLANG_WARN_BLOCK_CAPTURE_AUTORELEASING = YES;
				CLANG_WARN_BOOL_CONVERSION = YES;
				CLANG_WARN_COMMA = YES;
				CLANG_WARN_CONSTANT_CONVERSION = YES;
				CLANG_WARN_DEPRECATED_OBJC_IMPLEMENTATIONS = YES;
				CLANG_WARN_DIRECT_OBJC_ISA_USAGE = YES_ERROR;
				CLANG_WARN_DOCUMENTATION_COMMENTS = YES;
				CLANG_WARN_EMPTY_BODY = YES;
				CLANG_WARN_ENUM_CONVERSION = YES;
				CLANG_WARN_INFINITE_RECURSION = YES;
				CLANG_WARN_INT_CONVERSION = YES;
				CLANG_WARN_NON_LITERAL_NULL_CONVERSION = YES;
				CLANG_WARN_OBJC_IMPLICIT_RETAIN_SELF = YES;
				CLANG_WARN_OBJC_LITERAL_CONVERSION = YES;
				CLANG_WARN_OBJC_ROOT_CLASS = YES_ERROR;
				CLANG_WARN_QUOTED_INCLUDE_IN_FRAMEWORK_HEADER = YES;
				CLANG_WARN_RANGE_LOOP_ANALYSIS = YES;
				CLANG_WARN_STRICT_PROTOTYPES = YES;
				CLANG_WARN_SUSPICIOUS_MOVE = YES;
				CLANG_WARN_UNGUARDED_AVAILABILITY = YES_AGGRESSIVE;
				CLANG_WARN_UNREACHABLE_CODE = YES;
				CLANG_WARN__DUPLICATE_METHOD_MATCH = YES;
				COPY_PHASE_STRIP = NO;
				DEBUG_INFORMATION_FORMAT = dwarf;
				ENABLE_STRICT_OBJC_MSGSEND = YES;
				ENABLE_TESTABILITY = YES;
				GCC_C_LANGUAGE_STANDARD = gnu11;
				GCC_DYNAMIC_NO_PIC = NO;
				GCC_NO_COMMON_BLOCKS = YES;
				GCC_OPTIMIZATION_LEVEL = 0;
				GCC_PREPROCESSOR_DEFINITIONS = (
					"DEBUG=1",
					"$(inherited)",
				);
				GCC_WARN_64_TO_32_BIT_CONVERSION = YES;
				GCC_WARN_ABOUT_RETURN_TYPE = YES_ERROR;
				GCC_WARN_UNDECLARED_SELECTOR = YES;
				GCC_WARN_UNINITIALIZED_AUTOS = YES_AGGRESSIVE;
				GCC_WARN_UNUSED_FUNCTION = YES;
				GCC_WARN_UNUSED_VARIABLE = YES;
				IPHONEOS_DEPLOYMENT_TARGET = 16.2;
				MTL_ENABLE_DEBUG_INFO = INCLUDE_SOURCE;
				MTL_FAST_MATH = YES;
				ONLY_ACTIVE_ARCH = YES;
				SDKROOT = iphoneos;
				SWIFT_ACTIVE_COMPILATION_CONDITIONS = DEBUG;
				SWIFT_OPTIMIZATION_LEVEL = "-Onone";
			};
			name = Debug;
		};
		FF72F0992A15C65A004EDDB0 /* Release */ = {
			isa = XCBuildConfiguration;
			buildSettings = {
				ALWAYS_SEARCH_USER_PATHS = NO;
				CLANG_ANALYZER_NONNULL = YES;
				CLANG_ANALYZER_NUMBER_OBJECT_CONVERSION = YES_AGGRESSIVE;
				CLANG_CXX_LANGUAGE_STANDARD = "gnu++20";
				CLANG_ENABLE_MODULES = YES;
				CLANG_ENABLE_OBJC_ARC = YES;
				CLANG_ENABLE_OBJC_WEAK = YES;
				CLANG_WARN_BLOCK_CAPTURE_AUTORELEASING = YES;
				CLANG_WARN_BOOL_CONVERSION = YES;
				CLANG_WARN_COMMA = YES;
				CLANG_WARN_CONSTANT_CONVERSION = YES;
				CLANG_WARN_DEPRECATED_OBJC_IMPLEMENTATIONS = YES;
				CLANG_WARN_DIRECT_OBJC_ISA_USAGE = YES_ERROR;
				CLANG_WARN_DOCUMENTATION_COMMENTS = YES;
				CLANG_WARN_EMPTY_BODY = YES;
				CLANG_WARN_ENUM_CONVERSION = YES;
				CLANG_WARN_INFINITE_RECURSION = YES;
				CLANG_WARN_INT_CONVERSION = YES;
				CLANG_WARN_NON_LITERAL_NULL_CONVERSION = YES;
				CLANG_WARN_OBJC_IMPLICIT_RETAIN_SELF = YES;
				CLANG_WARN_OBJC_LITERAL_CONVERSION = YES;
				CLANG_WARN_OBJC_ROOT_CLASS = YES_ERROR;
				CLANG_WARN_QUOTED_INCLUDE_IN_FRAMEWORK_HEADER = YES;
				CLANG_WARN_RANGE_LOOP_ANALYSIS = YES;
				CLANG_WARN_STRICT_PROTOTYPES = YES;
				CLANG_WARN_SUSPICIOUS_MOVE = YES;
				CLANG_WARN_UNGUARDED_AVAILABILITY = YES_AGGRESSIVE;
				CLANG_WARN_UNREACHABLE_CODE = YES;
				CLANG_WARN__DUPLICATE_METHOD_MATCH = YES;
				COPY_PHASE_STRIP = NO;
				DEBUG_INFORMATION_FORMAT = "dwarf-with-dsym";
				ENABLE_NS_ASSERTIONS = NO;
				ENABLE_STRICT_OBJC_MSGSEND = YES;
				GCC_C_LANGUAGE_STANDARD = gnu11;
				GCC_NO_COMMON_BLOCKS = YES;
				GCC_WARN_64_TO_32_BIT_CONVERSION = YES;
				GCC_WARN_ABOUT_RETURN_TYPE = YES_ERROR;
				GCC_WARN_UNDECLARED_SELECTOR = YES;
				GCC_WARN_UNINITIALIZED_AUTOS = YES_AGGRESSIVE;
				GCC_WARN_UNUSED_FUNCTION = YES;
				GCC_WARN_UNUSED_VARIABLE = YES;
				IPHONEOS_DEPLOYMENT_TARGET = 16.2;
				MTL_ENABLE_DEBUG_INFO = NO;
				MTL_FAST_MATH = YES;
				SDKROOT = iphoneos;
				SWIFT_COMPILATION_MODE = wholemodule;
				SWIFT_OPTIMIZATION_LEVEL = "-O";
				VALIDATE_PRODUCT = YES;
			};
			name = Release;
		};
		FF72F09B2A15C65A004EDDB0 /* Debug */ = {
			isa = XCBuildConfiguration;
			buildSettings = {
				ASSETCATALOG_COMPILER_APPICON_NAME = AppIcon;
				ASSETCATALOG_COMPILER_GLOBAL_ACCENT_COLOR_NAME = AccentColor;
				CODE_SIGN_STYLE = Automatic;
				CURRENT_PROJECT_VERSION = 1;
				DEVELOPMENT_ASSET_PATHS = "\"Mugonggan/Preview Content\"";
				DEVELOPMENT_TEAM = 9R82AZ54M6;
				ENABLE_PREVIEWS = YES;
				GENERATE_INFOPLIST_FILE = YES;
				INFOPLIST_FILE = Mugonggan/Info.plist;
				INFOPLIST_KEY_UIApplicationSceneManifest_Generation = YES;
				INFOPLIST_KEY_UIApplicationSupportsIndirectInputEvents = YES;
				INFOPLIST_KEY_UILaunchScreen_Generation = YES;
				INFOPLIST_KEY_UISupportedInterfaceOrientations = UIInterfaceOrientationPortrait;
				LD_RUNPATH_SEARCH_PATHS = (
					"$(inherited)",
					"@executable_path/Frameworks",
				);
				MARKETING_VERSION = 1.0;
				PRODUCT_BUNDLE_IDENTIFIER = com.meong.Mugonggan;
				PRODUCT_NAME = "$(TARGET_NAME)";
				SWIFT_EMIT_LOC_STRINGS = YES;
				SWIFT_VERSION = 5.0;
				TARGETED_DEVICE_FAMILY = "1,2";
			};
			name = Debug;
		};
		FF72F09C2A15C65A004EDDB0 /* Release */ = {
			isa = XCBuildConfiguration;
			buildSettings = {
				ASSETCATALOG_COMPILER_APPICON_NAME = AppIcon;
				ASSETCATALOG_COMPILER_GLOBAL_ACCENT_COLOR_NAME = AccentColor;
				CODE_SIGN_STYLE = Automatic;
				CURRENT_PROJECT_VERSION = 1;
				DEVELOPMENT_ASSET_PATHS = "\"Mugonggan/Preview Content\"";
				DEVELOPMENT_TEAM = 9R82AZ54M6;
				ENABLE_PREVIEWS = YES;
				GENERATE_INFOPLIST_FILE = YES;
				INFOPLIST_FILE = Mugonggan/Info.plist;
				INFOPLIST_KEY_UIApplicationSceneManifest_Generation = YES;
				INFOPLIST_KEY_UIApplicationSupportsIndirectInputEvents = YES;
				INFOPLIST_KEY_UILaunchScreen_Generation = YES;
				INFOPLIST_KEY_UISupportedInterfaceOrientations = UIInterfaceOrientationPortrait;
				LD_RUNPATH_SEARCH_PATHS = (
					"$(inherited)",
					"@executable_path/Frameworks",
				);
				MARKETING_VERSION = 1.0;
				PRODUCT_BUNDLE_IDENTIFIER = com.meong.Mugonggan;
				PRODUCT_NAME = "$(TARGET_NAME)";
				SWIFT_EMIT_LOC_STRINGS = YES;
				SWIFT_VERSION = 5.0;
				TARGETED_DEVICE_FAMILY = "1,2";
			};
			name = Release;
		};
/* End XCBuildConfiguration section */

/* Begin XCConfigurationList section */
		FF72F0822A15C659004EDDB0 /* Build configuration list for PBXProject "Mugonggan" */ = {
			isa = XCConfigurationList;
			buildConfigurations = (
				FF72F0982A15C65A004EDDB0 /* Debug */,
				FF72F0992A15C65A004EDDB0 /* Release */,
			);
			defaultConfigurationIsVisible = 0;
			defaultConfigurationName = Release;
		};
		FF72F09A2A15C65A004EDDB0 /* Build configuration list for PBXNativeTarget "Mugonggan" */ = {
			isa = XCConfigurationList;
			buildConfigurations = (
				FF72F09B2A15C65A004EDDB0 /* Debug */,
				FF72F09C2A15C65A004EDDB0 /* Release */,
			);
			defaultConfigurationIsVisible = 0;
			defaultConfigurationName = Release;
		};
/* End XCConfigurationList section */

/* Begin XCRemoteSwiftPackageReference section */
		FF37A5CC2A2729CF0094A233 /* XCRemoteSwiftPackageReference "SDWebImageSwiftUI" */ = {
			isa = XCRemoteSwiftPackageReference;
			repositoryURL = "https://github.com/SDWebImage/SDWebImageSwiftUI.git";
			requirement = {
				kind = upToNextMajorVersion;
				minimumVersion = 2.0.0;
			};
		};
		FF694E8B2A2087ED00D6B6B4 /* XCRemoteSwiftPackageReference "Kingfisher" */ = {
			isa = XCRemoteSwiftPackageReference;
			repositoryURL = "https://github.com/onevcat/Kingfisher.git";
			requirement = {
				kind = upToNextMajorVersion;
				minimumVersion = 7.0.0;
			};
		};
		FF72F1132A1670B8004EDDB0 /* XCRemoteSwiftPackageReference "firebase-ios-sdk" */ = {
			isa = XCRemoteSwiftPackageReference;
			repositoryURL = "https://github.com/firebase/firebase-ios-sdk";
			requirement = {
				kind = upToNextMajorVersion;
				minimumVersion = 9.0.0;
			};
		};
/* End XCRemoteSwiftPackageReference section */

/* Begin XCSwiftPackageProductDependency section */
		FF37A5CD2A2729CF0094A233 /* SDWebImageSwiftUI */ = {
			isa = XCSwiftPackageProductDependency;
			package = FF37A5CC2A2729CF0094A233 /* XCRemoteSwiftPackageReference "SDWebImageSwiftUI" */;
			productName = SDWebImageSwiftUI;
		};
		FF694E8C2A2087ED00D6B6B4 /* Kingfisher */ = {
			isa = XCSwiftPackageProductDependency;
			package = FF694E8B2A2087ED00D6B6B4 /* XCRemoteSwiftPackageReference "Kingfisher" */;
			productName = Kingfisher;
		};
		FF72F1142A1670B8004EDDB0 /* FirebaseAnalytics */ = {
			isa = XCSwiftPackageProductDependency;
			package = FF72F1132A1670B8004EDDB0 /* XCRemoteSwiftPackageReference "firebase-ios-sdk" */;
			productName = FirebaseAnalytics;
		};
		FF72F1162A1670B8004EDDB0 /* FirebaseAuth */ = {
			isa = XCSwiftPackageProductDependency;
			package = FF72F1132A1670B8004EDDB0 /* XCRemoteSwiftPackageReference "firebase-ios-sdk" */;
			productName = FirebaseAuth;
		};
		FF72F1182A1670B8004EDDB0 /* FirebaseDatabase */ = {
			isa = XCSwiftPackageProductDependency;
			package = FF72F1132A1670B8004EDDB0 /* XCRemoteSwiftPackageReference "firebase-ios-sdk" */;
			productName = FirebaseDatabase;
		};
		FF72F11A2A1670B8004EDDB0 /* FirebaseDatabaseSwift */ = {
			isa = XCSwiftPackageProductDependency;
			package = FF72F1132A1670B8004EDDB0 /* XCRemoteSwiftPackageReference "firebase-ios-sdk" */;
			productName = FirebaseDatabaseSwift;
		};
		FF72F11C2A1670B8004EDDB0 /* FirebaseFirestore */ = {
			isa = XCSwiftPackageProductDependency;
			package = FF72F1132A1670B8004EDDB0 /* XCRemoteSwiftPackageReference "firebase-ios-sdk" */;
			productName = FirebaseFirestore;
		};
		FF72F11E2A1670B8004EDDB0 /* FirebaseFirestoreSwift */ = {
			isa = XCSwiftPackageProductDependency;
			package = FF72F1132A1670B8004EDDB0 /* XCRemoteSwiftPackageReference "firebase-ios-sdk" */;
			productName = FirebaseFirestoreSwift;
		};
		FF72F1202A1670B8004EDDB0 /* FirebaseMessaging */ = {
			isa = XCSwiftPackageProductDependency;
			package = FF72F1132A1670B8004EDDB0 /* XCRemoteSwiftPackageReference "firebase-ios-sdk" */;
			productName = FirebaseMessaging;
		};
		FF72F1222A1670B8004EDDB0 /* FirebaseStorage */ = {
			isa = XCSwiftPackageProductDependency;
			package = FF72F1132A1670B8004EDDB0 /* XCRemoteSwiftPackageReference "firebase-ios-sdk" */;
			productName = FirebaseStorage;
		};
/* End XCSwiftPackageProductDependency section */

/* Begin XCVersionGroup section */
		FF72F0952A15C65A004EDDB0 /* Mugonggan.xcdatamodeld */ = {
			isa = XCVersionGroup;
			children = (
				FF72F0962A15C65A004EDDB0 /* Mugonggan.xcdatamodel */,
			);
			currentVersion = FF72F0962A15C65A004EDDB0 /* Mugonggan.xcdatamodel */;
			path = Mugonggan.xcdatamodeld;
			sourceTree = "<group>";
			versionGroupType = wrapper.xcdatamodel;
		};
/* End XCVersionGroup section */
	};
	rootObject = FF72F07F2A15C659004EDDB0 /* Project object */;
}
